
Microsoft Visual Studio Solution File, Format Version 12.00
# Visual Studio Version 17
VisualStudioVersion = 17.1.32421.90
MinimumVisualStudioVersion = 10.0.40219.1
Project("{FAE04EC0-301F-11D3-BF4B-00C04F79EFBC}") = "PagerDuty", "PagerDuty\PagerDuty.csproj", "{D01690B2-5508-41CE-A0EB-888823AC720C}"
EndProject
Project("{2150E333-8FDC-42A3-9474-1A3956D46DE8}") = "1 - Presentation", "1 - Presentation", "{712236FA-41F6-442A-894D-AF73D837AF42}"
EndProject
Project("{2150E333-8FDC-42A3-9474-1A3956D46DE8}") = "2 - Application", "2 - Application", "{3A76C766-9CE3-423D-902D-1A3A9108ED6A}"
EndProject
Project("{2150E333-8FDC-42A3-9474-1A3956D46DE8}") = "3 - Domain", "3 - Domain", "{9259E1E9-6FDD-4E9F-B5BE-AAE812EB3551}"
EndProject
Project("{2150E333-8FDC-42A3-9474-1A3956D46DE8}") = "4 - Data", "4 - Data", "{BB9775F4-F191-4EFD-AD99-EAA378A8D466}"
EndProject
Project("{2150E333-8FDC-42A3-9474-1A3956D46DE8}") = "5 - Common", "5 - Common", "{0983A399-5F54-4D89-93FC-5B7328433F9F}"
EndProject
Project("{FAE04EC0-301F-11D3-BF4B-00C04F79EFBC}") = "Application.Services", "Application.Services\Application.Services.csproj", "{76BCAEDF-5E82-4792-8318-343B0A8D69C1}"
EndProject
Project("{FAE04EC0-301F-11D3-BF4B-00C04F79EFBC}") = "Application.DTO", "Application.DTO\Application.DTO.csproj", "{1904D043-A169-4DAA-9ED3-7E071B80F5AB}"
EndProject
Project("{FAE04EC0-301F-11D3-BF4B-00C04F79EFBC}") = "Domain.Model", "Domain.Model\Domain.Model.csproj", "{5FC309CB-A86F-4955-BC4E-3712F496C7B7}"
EndProject
Project("{FAE04EC0-301F-11D3-BF4B-00C04F79EFBC}") = "Domain.Services", "Domain.Services\Domain.Services.csproj", "{AF5C4592-9AF8-46B5-8BCE-4A3EBDC50501}"
EndProject
Project("{FAE04EC0-301F-11D3-BF4B-00C04F79EFBC}") = "Data.Gateway.PagerDuty", "Data.Gateways\Data.Gateway.PagerDuty.csproj", "{1E352EFC-086A-4BF1-A9D7-25878580D416}"
EndProject
Project("{FAE04EC0-301F-11D3-BF4B-00C04F79EFBC}") = "Common.Crosscutting", "Common.Crosscutting\Common.Crosscutting.csproj", "{02EC2CAB-A9C3-4143-8ECC-DA0598A77F14}"
EndProject
Project("{2150E333-8FDC-42A3-9474-1A3956D46DE8}") = "src", "src", "{1F4FA144-FCEF-4E94-A3F9-989D1B9185BE}"
EndProject
Project("{2150E333-8FDC-42A3-9474-1A3956D46DE8}") = "tests", "tests", "{AF75F319-CED8-4939-B18F-3F9903F5D0AF}"
EndProject
Project("{2150E333-8FDC-42A3-9474-1A3956D46DE8}") = "unit", "unit", "{F21E24C5-7FA4-4489-BD99-A986546561F0}"
EndProject
Project("{2150E333-8FDC-42A3-9474-1A3956D46DE8}") = "integration", "integration", "{78F3BBF5-AFB8-4858-AA3C-2870EA2C54AE}"
EndProject
Global
	GlobalSection(SolutionConfigurationPlatforms) = preSolution
		Debug|Any CPU = Debug|Any CPU
		Release|Any CPU = Release|Any CPU
	EndGlobalSection
	GlobalSection(ProjectConfigurationPlatforms) = postSolution
		{D01690B2-5508-41CE-A0EB-888823AC720C}.Debug|Any CPU.ActiveCfg = Debug|Any CPU
		{D01690B2-5508-41CE-A0EB-888823AC720C}.Debug|Any CPU.Build.0 = Debug|Any CPU
		{D01690B2-5508-41CE-A0EB-888823AC720C}.Release|Any CPU.ActiveCfg = Release|Any CPU
		{D01690B2-5508-41CE-A0EB-888823AC720C}.Release|Any CPU.Build.0 = Release|Any CPU
		{76BCAEDF-5E82-4792-8318-343B0A8D69C1}.Debug|Any CPU.ActiveCfg = Debug|Any CPU
		{76BCAEDF-5E82-4792-8318-343B0A8D69C1}.Debug|Any CPU.Build.0 = Debug|Any CPU
		{76BCAEDF-5E82-4792-8318-343B0A8D69C1}.Release|Any CPU.ActiveCfg = Release|Any CPU
		{76BCAEDF-5E82-4792-8318-343B0A8D69C1}.Release|Any CPU.Build.0 = Release|Any CPU
		{1904D043-A169-4DAA-9ED3-7E071B80F5AB}.Debug|Any CPU.ActiveCfg = Debug|Any CPU
		{1904D043-A169-4DAA-9ED3-7E071B80F5AB}.Debug|Any CPU.Build.0 = Debug|Any CPU
		{1904D043-A169-4DAA-9ED3-7E071B80F5AB}.Release|Any CPU.ActiveCfg = Release|Any CPU
		{1904D043-A169-4DAA-9ED3-7E071B80F5AB}.Release|Any CPU.Build.0 = Release|Any CPU
		{5FC309CB-A86F-4955-BC4E-3712F496C7B7}.Debug|Any CPU.ActiveCfg = Debug|Any CPU
		{5FC309CB-A86F-4955-BC4E-3712F496C7B7}.Debug|Any CPU.Build.0 = Debug|Any CPU
		{5FC309CB-A86F-4955-BC4E-3712F496C7B7}.Release|Any CPU.ActiveCfg = Release|Any CPU
		{5FC309CB-A86F-4955-BC4E-3712F496C7B7}.Release|Any CPU.Build.0 = Release|Any CPU
		{AF5C4592-9AF8-46B5-8BCE-4A3EBDC50501}.Debug|Any CPU.ActiveCfg = Debug|Any CPU
		{AF5C4592-9AF8-46B5-8BCE-4A3EBDC50501}.Debug|Any CPU.Build.0 = Debug|Any CPU
		{AF5C4592-9AF8-46B5-8BCE-4A3EBDC50501}.Release|Any CPU.ActiveCfg = Release|Any CPU
		{AF5C4592-9AF8-46B5-8BCE-4A3EBDC50501}.Release|Any CPU.Build.0 = Release|Any CPU
		{1E352EFC-086A-4BF1-A9D7-25878580D416}.Debug|Any CPU.ActiveCfg = Debug|Any CPU
		{1E352EFC-086A-4BF1-A9D7-25878580D416}.Debug|Any CPU.Build.0 = Debug|Any CPU
		{1E352EFC-086A-4BF1-A9D7-25878580D416}.Release|Any CPU.ActiveCfg = Release|Any CPU
		{1E352EFC-086A-4BF1-A9D7-25878580D416}.Release|Any CPU.Build.0 = Release|Any CPU
		{02EC2CAB-A9C3-4143-8ECC-DA0598A77F14}.Debug|Any CPU.ActiveCfg = Debug|Any CPU
		{02EC2CAB-A9C3-4143-8ECC-DA0598A77F14}.Debug|Any CPU.Build.0 = Debug|Any CPU
		{02EC2CAB-A9C3-4143-8ECC-DA0598A77F14}.Release|Any CPU.ActiveCfg = Release|Any CPU
		{02EC2CAB-A9C3-4143-8ECC-DA0598A77F14}.Release|Any CPU.Build.0 = Release|Any CPU
	EndGlobalSection
	GlobalSection(SolutionProperties) = preSolution
		HideSolutionNode = FALSE
	EndGlobalSection
	GlobalSection(NestedProjects) = preSolution
		{D01690B2-5508-41CE-A0EB-888823AC720C} = {712236FA-41F6-442A-894D-AF73D837AF42}
		{712236FA-41F6-442A-894D-AF73D837AF42} = {1F4FA144-FCEF-4E94-A3F9-989D1B9185BE}
		{3A76C766-9CE3-423D-902D-1A3A9108ED6A} = {1F4FA144-FCEF-4E94-A3F9-989D1B9185BE}
		{9259E1E9-6FDD-4E9F-B5BE-AAE812EB3551} = {1F4FA144-FCEF-4E94-A3F9-989D1B9185BE}
		{BB9775F4-F191-4EFD-AD99-EAA378A8D466} = {1F4FA144-FCEF-4E94-A3F9-989D1B9185BE}
		{0983A399-5F54-4D89-93FC-5B7328433F9F} = {1F4FA144-FCEF-4E94-A3F9-989D1B9185BE}
		{76BCAEDF-5E82-4792-8318-343B0A8D69C1} = {3A76C766-9CE3-423D-902D-1A3A9108ED6A}
		{1904D043-A169-4DAA-9ED3-7E071B80F5AB} = {3A76C766-9CE3-423D-902D-1A3A9108ED6A}
		{5FC309CB-A86F-4955-BC4E-3712F496C7B7} = {9259E1E9-6FDD-4E9F-B5BE-AAE812EB3551}
		{AF5C4592-9AF8-46B5-8BCE-4A3EBDC50501} = {9259E1E9-6FDD-4E9F-B5BE-AAE812EB3551}
		{1E352EFC-086A-4BF1-A9D7-25878580D416} = {BB9775F4-F191-4EFD-AD99-EAA378A8D466}
		{02EC2CAB-A9C3-4143-8ECC-DA0598A77F14} = {0983A399-5F54-4D89-93FC-5B7328433F9F}
		{F21E24C5-7FA4-4489-BD99-A986546561F0} = {AF75F319-CED8-4939-B18F-3F9903F5D0AF}
		{78F3BBF5-AFB8-4858-AA3C-2870EA2C54AE} = {AF75F319-CED8-4939-B18F-3F9903F5D0AF}
	EndGlobalSection
	GlobalSection(ExtensibilityGlobals) = postSolution
		SolutionGuid = {E5F29DC3-BC5D-47BD-923B-A419AA29F527}
	EndGlobalSection
EndGlobal
